{
  "name": "shellmin",
  "version": "0.0.2",
  "lockfileVersion": 2,
  "requires": true,
  "packages": {
    "": {
      "name": "shellmin",
      "version": "0.0.2",
      "license": "GPL-3.0",
      "dependencies": {
        "nodtilus": "^0.0.5"
      },
      "devDependencies": {
        "@types/node": "^18.0.0"
      }
    },
    "node_modules/@types/node": {
      "version": "18.0.0",
      "resolved": "https://registry.npmjs.org/@types/node/-/node-18.0.0.tgz",
      "integrity": "sha512-cHlGmko4gWLVI27cGJntjs/Sj8th9aYwplmZFwmmgYQQvL5NUsgVJG7OddLvNfLqYS31KFN0s3qlaD9qCaxACA==",
      "dev": true
    },
    "node_modules/nodtilus": {
      "version": "0.0.5",
      "resolved": "https://registry.npmjs.org/nodtilus/-/nodtilus-0.0.5.tgz",
      "integrity": "sha512-k4ta60MsVAwqNbN1viHWGZn2CkklgQ0wILL1NWbvbZOAkecDvToqmN76BXFN6VB498eQyyOQNP2sgrJGo+W1ow=="
    }
  },
  "dependencies": {
    "@types/node": {
      "version": "18.0.0",
      "resolved": "https://registry.npmjs.org/@types/node/-/node-18.0.0.tgz",
      "integrity": "sha512-cHlGmko4gWLVI27cGJntjs/Sj8th9aYwplmZFwmmgYQQvL5NUsgVJG7OddLvNfLqYS31KFN0s3qlaD9qCaxACA==",
      "dev": true
    },
    "nodtilus": {
      "version": "0.0.5",
      "resolved": "https://registry.npmjs.org/nodtilus/-/nodtilus-0.0.5.tgz",
      "integrity": "sha512-k4ta60MsVAwqNbN1viHWGZn2CkklgQ0wILL1NWbvbZOAkecDvToqmN76BXFN6VB498eQyyOQNP2sgrJGo+W1ow=="
    }
  }
}
